
Microsoft Visual Studio Solution File, Format Version 12.00
# Visual Studio Version 17
VisualStudioVersion = 17.11.35219.272
MinimumVisualStudioVersion = 10.0.40219.1
Project("{FAE04EC0-301F-11D3-BF4B-00C04F79EFBC}") = "c#-ShoeStore", "c#-ShoeStore\c#-ShoeStore.csproj", "{134666D3-C426-4381-A6F6-6657E1CAE0B0}"
EndProject
Global
	GlobalSection(SolutionConfigurationPlatforms) = preSolution
		Debug|Any CPU = Debug|Any CPU
		Release|Any CPU = Release|Any CPU
	EndGlobalSection
	GlobalSection(ProjectConfigurationPlatforms) = postSolution
		{134666D3-C426-4381-A6F6-6657E1CAE0B0}.Debug|Any CPU.ActiveCfg = Debug|Any CPU
		{134666D3-C426-4381-A6F6-6657E1CAE0B0}.Debug|Any CPU.Build.0 = Debug|Any CPU
		{134666D3-C426-4381-A6F6-6657E1CAE0B0}.Release|Any CPU.ActiveCfg = Release|Any CPU
		{134666D3-C426-4381-A6F6-6657E1CAE0B0}.Release|Any CPU.Build.0 = Release|Any CPU
	EndGlobalSection
	GlobalSection(SolutionProperties) = preSolution
		HideSolutionNode = FALSE
	EndGlobalSection
	GlobalSection(ExtensibilityGlobals) = postSolution
		SolutionGuid = {92A477A5-06FB-48D8-97C5-692DF76464F7}
	EndGlobalSection
EndGlobal
